
Microsoft Visual Studio Solution File, Format Version 12.00
# Visual Studio Version 17
VisualStudioVersion = 17.10.35122.118
MinimumVisualStudioVersion = 10.0.40219.1
Project("{FAE04EC0-301F-11D3-BF4B-00C04F79EFBC}") = "RegistrationApplication", "RegistrationApplication\RegistrationApplication.csproj", "{7BD91EAB-8E15-4321-877A-1A195309EEBC}"
EndProject
Global
	GlobalSection(SolutionConfigurationPlatforms) = preSolution
		Debug|Any CPU = Debug|Any CPU
		Release|Any CPU = Release|Any CPU
	EndGlobalSection
	GlobalSection(ProjectConfigurationPlatforms) = postSolution
		{7BD91EAB-8E15-4321-877A-1A195309EEBC}.Debug|Any CPU.ActiveCfg = Debug|Any CPU
		{7BD91EAB-8E15-4321-877A-1A195309EEBC}.Debug|Any CPU.Build.0 = Debug|Any CPU
		{7BD91EAB-8E15-4321-877A-1A195309EEBC}.Release|Any CPU.ActiveCfg = Release|Any CPU
		{7BD91EAB-8E15-4321-877A-1A195309EEBC}.Release|Any CPU.Build.0 = Release|Any CPU
	EndGlobalSection
	GlobalSection(SolutionProperties) = preSolution
		HideSolutionNode = FALSE
	EndGlobalSection
	GlobalSection(ExtensibilityGlobals) = postSolution
		SolutionGuid = {B8987137-7816-41EA-9A8D-177D26E22323}
	EndGlobalSection
EndGlobal
